
Microsoft Visual Studio Solution File, Format Version 12.00
# Visual Studio Version 17
VisualStudioVersion = 17.8.34511.84
MinimumVisualStudioVersion = 10.0.40219.1
Project("{9A19103F-16F7-4668-BE54-9A1E7A4F7556}") = "EPAM.Web", "EPAM.Web\EPAM.Web.csproj", "{6620EA94-0805-4866-B165-DB3DEA94D2C6}"
EndProject
Project("{00D1A9C2-B5F0-4AF3-8072-F6C62B433612}") = "EPAM.DB", "EPAM.DB\EPAM.DB.sqlproj", "{31C47861-DDF9-4D2B-AFE2-4D357AFC0295}"
EndProject
Project("{9A19103F-16F7-4668-BE54-9A1E7A4F7556}") = "EPAM.EF", "EPAM.EF\EPAM.EF.csproj", "{CA8087C3-5325-4825-9825-FF7ABCB8ABF8}"
EndProject
Project("{9A19103F-16F7-4668-BE54-9A1E7A4F7556}") = "EPAM.Persistence", "EPAM.Persistence\EPAM.Persistence.csproj", "{F6E957D8-6F4A-4682-BC9A-EC6DFE98A0A0}"
EndProject
Project("{9A19103F-16F7-4668-BE54-9A1E7A4F7556}") = "EPAM.Services", "EPAM.Services\EPAM.Services.csproj", "{022A8573-FB40-4FF6-9553-7DC41418AAEB}"
EndProject
Project("{2150E333-8FDC-42A3-9474-1A3956D46DE8}") = "Tests", "Tests", "{FF636B7D-3D63-4F8E-AFFA-64A1535F18FB}"
EndProject
Project("{9A19103F-16F7-4668-BE54-9A1E7A4F7556}") = "EPAM.Web.UnitTests", "EPAM.Web.UnitTests\EPAM.Web.UnitTests.csproj", "{5BCCD89F-C2B9-4CDE-9720-3BD5129B4C5F}"
EndProject
Project("{FAE04EC0-301F-11D3-BF4B-00C04F79EFBC}") = "EPAM.EF.UnitTests", "EPAM.EF.UnitTests\EPAM.EF.UnitTests.csproj", "{F783BDDB-6619-4166-8E48-99F07D694A00}"
EndProject
Project("{FAE04EC0-301F-11D3-BF4B-00C04F79EFBC}") = "EPAM.IntegrationTests", "EPAM.IntegrationTests\EPAM.IntegrationTests.csproj", "{5FCDE67B-8448-4F85-A9A2-3722F9EF8B8C}"
EndProject
Global
	GlobalSection(SolutionConfigurationPlatforms) = preSolution
		Debug|Any CPU = Debug|Any CPU
		Release|Any CPU = Release|Any CPU
	EndGlobalSection
	GlobalSection(ProjectConfigurationPlatforms) = postSolution
		{6620EA94-0805-4866-B165-DB3DEA94D2C6}.Debug|Any CPU.ActiveCfg = Debug|Any CPU
		{6620EA94-0805-4866-B165-DB3DEA94D2C6}.Debug|Any CPU.Build.0 = Debug|Any CPU
		{6620EA94-0805-4866-B165-DB3DEA94D2C6}.Release|Any CPU.ActiveCfg = Release|Any CPU
		{6620EA94-0805-4866-B165-DB3DEA94D2C6}.Release|Any CPU.Build.0 = Release|Any CPU
		{31C47861-DDF9-4D2B-AFE2-4D357AFC0295}.Debug|Any CPU.ActiveCfg = Debug|Any CPU
		{31C47861-DDF9-4D2B-AFE2-4D357AFC0295}.Debug|Any CPU.Build.0 = Debug|Any CPU
		{31C47861-DDF9-4D2B-AFE2-4D357AFC0295}.Debug|Any CPU.Deploy.0 = Debug|Any CPU
		{31C47861-DDF9-4D2B-AFE2-4D357AFC0295}.Release|Any CPU.ActiveCfg = Release|Any CPU
		{31C47861-DDF9-4D2B-AFE2-4D357AFC0295}.Release|Any CPU.Build.0 = Release|Any CPU
		{31C47861-DDF9-4D2B-AFE2-4D357AFC0295}.Release|Any CPU.Deploy.0 = Release|Any CPU
		{CA8087C3-5325-4825-9825-FF7ABCB8ABF8}.Debug|Any CPU.ActiveCfg = Debug|Any CPU
		{CA8087C3-5325-4825-9825-FF7ABCB8ABF8}.Debug|Any CPU.Build.0 = Debug|Any CPU
		{CA8087C3-5325-4825-9825-FF7ABCB8ABF8}.Release|Any CPU.ActiveCfg = Release|Any CPU
		{CA8087C3-5325-4825-9825-FF7ABCB8ABF8}.Release|Any CPU.Build.0 = Release|Any CPU
		{F6E957D8-6F4A-4682-BC9A-EC6DFE98A0A0}.Debug|Any CPU.ActiveCfg = Debug|Any CPU
		{F6E957D8-6F4A-4682-BC9A-EC6DFE98A0A0}.Debug|Any CPU.Build.0 = Debug|Any CPU
		{F6E957D8-6F4A-4682-BC9A-EC6DFE98A0A0}.Release|Any CPU.ActiveCfg = Release|Any CPU
		{F6E957D8-6F4A-4682-BC9A-EC6DFE98A0A0}.Release|Any CPU.Build.0 = Release|Any CPU
		{022A8573-FB40-4FF6-9553-7DC41418AAEB}.Debug|Any CPU.ActiveCfg = Debug|Any CPU
		{022A8573-FB40-4FF6-9553-7DC41418AAEB}.Debug|Any CPU.Build.0 = Debug|Any CPU
		{022A8573-FB40-4FF6-9553-7DC41418AAEB}.Release|Any CPU.ActiveCfg = Release|Any CPU
		{022A8573-FB40-4FF6-9553-7DC41418AAEB}.Release|Any CPU.Build.0 = Release|Any CPU
		{5BCCD89F-C2B9-4CDE-9720-3BD5129B4C5F}.Debug|Any CPU.ActiveCfg = Debug|Any CPU
		{5BCCD89F-C2B9-4CDE-9720-3BD5129B4C5F}.Debug|Any CPU.Build.0 = Debug|Any CPU
		{5BCCD89F-C2B9-4CDE-9720-3BD5129B4C5F}.Release|Any CPU.ActiveCfg = Release|Any CPU
		{5BCCD89F-C2B9-4CDE-9720-3BD5129B4C5F}.Release|Any CPU.Build.0 = Release|Any CPU
		{F783BDDB-6619-4166-8E48-99F07D694A00}.Debug|Any CPU.ActiveCfg = Debug|Any CPU
		{F783BDDB-6619-4166-8E48-99F07D694A00}.Debug|Any CPU.Build.0 = Debug|Any CPU
		{F783BDDB-6619-4166-8E48-99F07D694A00}.Release|Any CPU.ActiveCfg = Release|Any CPU
		{F783BDDB-6619-4166-8E48-99F07D694A00}.Release|Any CPU.Build.0 = Release|Any CPU
		{5FCDE67B-8448-4F85-A9A2-3722F9EF8B8C}.Debug|Any CPU.ActiveCfg = Debug|Any CPU
		{5FCDE67B-8448-4F85-A9A2-3722F9EF8B8C}.Debug|Any CPU.Build.0 = Debug|Any CPU
		{5FCDE67B-8448-4F85-A9A2-3722F9EF8B8C}.Release|Any CPU.ActiveCfg = Release|Any CPU
		{5FCDE67B-8448-4F85-A9A2-3722F9EF8B8C}.Release|Any CPU.Build.0 = Release|Any CPU
	EndGlobalSection
	GlobalSection(SolutionProperties) = preSolution
		HideSolutionNode = FALSE
	EndGlobalSection
	GlobalSection(NestedProjects) = preSolution
		{5BCCD89F-C2B9-4CDE-9720-3BD5129B4C5F} = {FF636B7D-3D63-4F8E-AFFA-64A1535F18FB}
		{F783BDDB-6619-4166-8E48-99F07D694A00} = {FF636B7D-3D63-4F8E-AFFA-64A1535F18FB}
		{5FCDE67B-8448-4F85-A9A2-3722F9EF8B8C} = {FF636B7D-3D63-4F8E-AFFA-64A1535F18FB}
	EndGlobalSection
	GlobalSection(ExtensibilityGlobals) = postSolution
		SolutionGuid = {CEA3816E-5DF4-4E9D-AE99-92CF5F447EB2}
	EndGlobalSection
EndGlobal
