
Microsoft Visual Studio Solution File, Format Version 12.00
# Visual Studio Version 17
VisualStudioVersion = 17.8.34511.84
MinimumVisualStudioVersion = 10.0.40219.1
Project("{9A19103F-16F7-4668-BE54-9A1E7A4F7556}") = "EPAM.Web", "EPAM.Web\EPAM.Web.csproj", "{6620EA94-0805-4866-B165-DB3DEA94D2C6}"
EndProject
Project("{00D1A9C2-B5F0-4AF3-8072-F6C62B433612}") = "EPAM.DB", "EPAM.DB\EPAM.DB.sqlproj", "{31C47861-DDF9-4D2B-AFE2-4D357AFC0295}"
EndProject
Project("{9A19103F-16F7-4668-BE54-9A1E7A4F7556}") = "EPAM.EF", "EPAM.EF\EPAM.EF.csproj", "{CA8087C3-5325-4825-9825-FF7ABCB8ABF8}"
EndProject
Project("{9A19103F-16F7-4668-BE54-9A1E7A4F7556}") = "EPAM.Persistence", "EPAM.Persistence\EPAM.Persistence.csproj", "{F6E957D8-6F4A-4682-BC9A-EC6DFE98A0A0}"
EndProject
Project("{9A19103F-16F7-4668-BE54-9A1E7A4F7556}") = "EPAM.Services", "EPAM.Services\EPAM.Services.csproj", "{022A8573-FB40-4FF6-9553-7DC41418AAEB}"
EndProject
Project("{2150E333-8FDC-42A3-9474-1A3956D46DE8}") = "EPAM.Tests", "EPAM.Tests", "{FF636B7D-3D63-4F8E-AFFA-64A1535F18FB}"
EndProject
Project("{9A19103F-16F7-4668-BE54-9A1E7A4F7556}") = "EPAM.EF.UnitTests", "EPAM.Tests\EPAM.EF.UnitTests\EPAM.EF.UnitTests.csproj", "{489638DA-AB2F-4EED-983E-64E0BAEAED3F}"
EndProject
Project("{9A19103F-16F7-4668-BE54-9A1E7A4F7556}") = "EPAM.IntegrationTests", "EPAM.Tests\EPAM.IntegrationTests\EPAM.IntegrationTests.csproj", "{2A0EEAFE-0724-4983-B902-351210C6023C}"
EndProject
Project("{9A19103F-16F7-4668-BE54-9A1E7A4F7556}") = "EPAM.Web.UnitTests", "EPAM.Tests\EPAM.Web.UnitTests\EPAM.Web.UnitTests.csproj", "{4BC008DC-D89F-4D46-91DC-CC51BCC00BE1}"
EndProject
Project("{9A19103F-16F7-4668-BE54-9A1E7A4F7556}") = "EPAM.Cache", "EPAM.Cache\EPAM.Cache.csproj", "{908FF9BD-46D1-4B44-B542-DBBD8CA39A77}"
EndProject
Project("{FAE04EC0-301F-11D3-BF4B-00C04F79EFBC}") = "EPAM.RabbitMQ", "EPAM.RabbitMQ\EPAM.RabbitMQ.csproj", "{8EFC2441-3A49-417F-993A-3D233924329D}"
EndProject
Global
	GlobalSection(SolutionConfigurationPlatforms) = preSolution
		Debug|Any CPU = Debug|Any CPU
		Release|Any CPU = Release|Any CPU
	EndGlobalSection
	GlobalSection(ProjectConfigurationPlatforms) = postSolution
		{6620EA94-0805-4866-B165-DB3DEA94D2C6}.Debug|Any CPU.ActiveCfg = Debug|Any CPU
		{6620EA94-0805-4866-B165-DB3DEA94D2C6}.Debug|Any CPU.Build.0 = Debug|Any CPU
		{6620EA94-0805-4866-B165-DB3DEA94D2C6}.Release|Any CPU.ActiveCfg = Release|Any CPU
		{6620EA94-0805-4866-B165-DB3DEA94D2C6}.Release|Any CPU.Build.0 = Release|Any CPU
		{31C47861-DDF9-4D2B-AFE2-4D357AFC0295}.Debug|Any CPU.ActiveCfg = Debug|Any CPU
		{31C47861-DDF9-4D2B-AFE2-4D357AFC0295}.Debug|Any CPU.Build.0 = Debug|Any CPU
		{31C47861-DDF9-4D2B-AFE2-4D357AFC0295}.Debug|Any CPU.Deploy.0 = Debug|Any CPU
		{31C47861-DDF9-4D2B-AFE2-4D357AFC0295}.Release|Any CPU.ActiveCfg = Release|Any CPU
		{31C47861-DDF9-4D2B-AFE2-4D357AFC0295}.Release|Any CPU.Build.0 = Release|Any CPU
		{31C47861-DDF9-4D2B-AFE2-4D357AFC0295}.Release|Any CPU.Deploy.0 = Release|Any CPU
		{CA8087C3-5325-4825-9825-FF7ABCB8ABF8}.Debug|Any CPU.ActiveCfg = Debug|Any CPU
		{CA8087C3-5325-4825-9825-FF7ABCB8ABF8}.Debug|Any CPU.Build.0 = Debug|Any CPU
		{CA8087C3-5325-4825-9825-FF7ABCB8ABF8}.Release|Any CPU.ActiveCfg = Release|Any CPU
		{CA8087C3-5325-4825-9825-FF7ABCB8ABF8}.Release|Any CPU.Build.0 = Release|Any CPU
		{F6E957D8-6F4A-4682-BC9A-EC6DFE98A0A0}.Debug|Any CPU.ActiveCfg = Debug|Any CPU
		{F6E957D8-6F4A-4682-BC9A-EC6DFE98A0A0}.Debug|Any CPU.Build.0 = Debug|Any CPU
		{F6E957D8-6F4A-4682-BC9A-EC6DFE98A0A0}.Release|Any CPU.ActiveCfg = Release|Any CPU
		{F6E957D8-6F4A-4682-BC9A-EC6DFE98A0A0}.Release|Any CPU.Build.0 = Release|Any CPU
		{022A8573-FB40-4FF6-9553-7DC41418AAEB}.Debug|Any CPU.ActiveCfg = Debug|Any CPU
		{022A8573-FB40-4FF6-9553-7DC41418AAEB}.Debug|Any CPU.Build.0 = Debug|Any CPU
		{022A8573-FB40-4FF6-9553-7DC41418AAEB}.Release|Any CPU.ActiveCfg = Release|Any CPU
		{022A8573-FB40-4FF6-9553-7DC41418AAEB}.Release|Any CPU.Build.0 = Release|Any CPU
		{489638DA-AB2F-4EED-983E-64E0BAEAED3F}.Debug|Any CPU.ActiveCfg = Debug|Any CPU
		{489638DA-AB2F-4EED-983E-64E0BAEAED3F}.Debug|Any CPU.Build.0 = Debug|Any CPU
		{489638DA-AB2F-4EED-983E-64E0BAEAED3F}.Release|Any CPU.ActiveCfg = Release|Any CPU
		{489638DA-AB2F-4EED-983E-64E0BAEAED3F}.Release|Any CPU.Build.0 = Release|Any CPU
		{2A0EEAFE-0724-4983-B902-351210C6023C}.Debug|Any CPU.ActiveCfg = Debug|Any CPU
		{2A0EEAFE-0724-4983-B902-351210C6023C}.Debug|Any CPU.Build.0 = Debug|Any CPU
		{2A0EEAFE-0724-4983-B902-351210C6023C}.Release|Any CPU.ActiveCfg = Release|Any CPU
		{2A0EEAFE-0724-4983-B902-351210C6023C}.Release|Any CPU.Build.0 = Release|Any CPU
		{4BC008DC-D89F-4D46-91DC-CC51BCC00BE1}.Debug|Any CPU.ActiveCfg = Debug|Any CPU
		{4BC008DC-D89F-4D46-91DC-CC51BCC00BE1}.Debug|Any CPU.Build.0 = Debug|Any CPU
		{4BC008DC-D89F-4D46-91DC-CC51BCC00BE1}.Release|Any CPU.ActiveCfg = Release|Any CPU
		{4BC008DC-D89F-4D46-91DC-CC51BCC00BE1}.Release|Any CPU.Build.0 = Release|Any CPU
		{908FF9BD-46D1-4B44-B542-DBBD8CA39A77}.Debug|Any CPU.ActiveCfg = Debug|Any CPU
		{908FF9BD-46D1-4B44-B542-DBBD8CA39A77}.Debug|Any CPU.Build.0 = Debug|Any CPU
		{908FF9BD-46D1-4B44-B542-DBBD8CA39A77}.Release|Any CPU.ActiveCfg = Release|Any CPU
		{908FF9BD-46D1-4B44-B542-DBBD8CA39A77}.Release|Any CPU.Build.0 = Release|Any CPU
		{8EFC2441-3A49-417F-993A-3D233924329D}.Debug|Any CPU.ActiveCfg = Debug|Any CPU
		{8EFC2441-3A49-417F-993A-3D233924329D}.Debug|Any CPU.Build.0 = Debug|Any CPU
		{8EFC2441-3A49-417F-993A-3D233924329D}.Release|Any CPU.ActiveCfg = Release|Any CPU
		{8EFC2441-3A49-417F-993A-3D233924329D}.Release|Any CPU.Build.0 = Release|Any CPU
	EndGlobalSection
	GlobalSection(SolutionProperties) = preSolution
		HideSolutionNode = FALSE
	EndGlobalSection
	GlobalSection(NestedProjects) = preSolution
		{489638DA-AB2F-4EED-983E-64E0BAEAED3F} = {FF636B7D-3D63-4F8E-AFFA-64A1535F18FB}
		{2A0EEAFE-0724-4983-B902-351210C6023C} = {FF636B7D-3D63-4F8E-AFFA-64A1535F18FB}
		{4BC008DC-D89F-4D46-91DC-CC51BCC00BE1} = {FF636B7D-3D63-4F8E-AFFA-64A1535F18FB}
	EndGlobalSection
	GlobalSection(ExtensibilityGlobals) = postSolution
		SolutionGuid = {CEA3816E-5DF4-4E9D-AE99-92CF5F447EB2}
	EndGlobalSection
EndGlobal
